
Microsoft Visual Studio Solution File, Format Version 12.00
# Visual Studio Version 17
VisualStudioVersion = 17.1.32210.238
MinimumVisualStudioVersion = 10.0.40219.1
Project("{8BC9CEB8-8B4A-11D0-8D11-00A0C91BC942}") = "24", "ЕГЭ\ЕГЭ.vcxproj", "{286C5E54-DDEC-47D2-A8BF-337B188A6F83}"
EndProject
Project("{8BC9CEB8-8B4A-11D0-8D11-00A0C91BC942}") = "26", "26\26.vcxproj", "{39B71D3F-9DEA-463C-9FD4-BA73ADF14175}"
EndProject
Project("{8BC9CEB8-8B4A-11D0-8D11-00A0C91BC942}") = "25", "25\25.vcxproj", "{996E7B38-A298-4BD9-91EF-A520F9054080}"
EndProject
Project("{8BC9CEB8-8B4A-11D0-8D11-00A0C91BC942}") = "Системы Счисления", "Системы Счисления\Системы Счисления.vcxproj", "{3C24A221-A94D-49D0-A64E-FE0FAE7BB50E}"
EndProject
Project("{8BC9CEB8-8B4A-11D0-8D11-00A0C91BC942}") = "26.1-23.10.2021", "26.1-23.10.2021\26.1-23.10.2021.vcxproj", "{B87BB94C-0D87-420F-B3CF-1CDE2F76F279}"
EndProject
Project("{8BC9CEB8-8B4A-11D0-8D11-00A0C91BC942}") = "26.2-23.10.2021", "26.2-23.10.2021\26.2-23.10.2021.vcxproj", "{B857C5F6-0C84-49F2-BC11-96D80F818C26}"
EndProject
Project("{8BC9CEB8-8B4A-11D0-8D11-00A0C91BC942}") = "26.3-23.10.2021", "26.3-23.10.2021\26.3-23.10.2021.vcxproj", "{97125195-0D75-4C3C-B3C7-B7DB9694F2C2}"
EndProject
Project("{8BC9CEB8-8B4A-11D0-8D11-00A0C91BC942}") = "26.4-23.10.2021", "26.4-23.10.2021\26.4-23.10.2021.vcxproj", "{1A7282E2-C989-450A-A59B-5014739EE258}"
EndProject
Project("{8BC9CEB8-8B4A-11D0-8D11-00A0C91BC942}") = "26.5-23.10.2021", "26.5-23.10.2021\26.5-23.10.2021.vcxproj", "{4DDBFE76-2F11-4AF3-8C23-B1146B827E3C}"
EndProject
Project("{8BC9CEB8-8B4A-11D0-8D11-00A0C91BC942}") = "1.1-30.10.2021", "1.1-30.10.2021\1.1-30.10.2021.vcxproj", "{4E1D4424-E906-416A-95B7-986191C4CB15}"
EndProject
Project("{8BC9CEB8-8B4A-11D0-8D11-00A0C91BC942}") = "1.2-30.10.2021", "1.2-30.10.2021\1.2-30.10.2021.vcxproj", "{6ADF449E-FFAB-4829-916F-7F7BD7E9FAE9}"
EndProject
Project("{8BC9CEB8-8B4A-11D0-8D11-00A0C91BC942}") = "1.3-30.10.2021", "ConsoleApplication1\ConsoleApplication1.vcxproj", "{A9E7EA2F-1E36-4705-81C2-CBECC55A76E8}"
EndProject
Project("{8BC9CEB8-8B4A-11D0-8D11-00A0C91BC942}") = "18-05.11.2021", "18-05.11.2021\18-05.11.2021.vcxproj", "{C54D430E-9C25-4FA2-83C0-DE51E88DC06D}"
EndProject
Project("{8BC9CEB8-8B4A-11D0-8D11-00A0C91BC942}") = "27", "27\27.vcxproj", "{8DC45AC9-43CD-4580-A523-5ADFBF66521E}"
EndProject
Project("{8BC9CEB8-8B4A-11D0-8D11-00A0C91BC942}") = "24.2", "24.2\24.2.vcxproj", "{9C441162-18F6-48F8-B25B-BB5AAA0A48EB}"
EndProject
Project("{8BC9CEB8-8B4A-11D0-8D11-00A0C91BC942}") = "27.14", "27.2\27.2.vcxproj", "{49E479BA-33AF-4A32-8799-22910AC66820}"
EndProject
Project("{8BC9CEB8-8B4A-11D0-8D11-00A0C91BC942}") = "27.n", "27.n\27.n.vcxproj", "{6D6E8AD5-A9D5-4694-A569-60C4C9F132D5}"
EndProject
Project("{8BC9CEB8-8B4A-11D0-8D11-00A0C91BC942}") = "27.demo", "27.demo\27.demo.vcxproj", "{00AB71BA-85C9-483D-8799-676F5496E2EB}"
EndProject
Project("{8BC9CEB8-8B4A-11D0-8D11-00A0C91BC942}") = "8", "8\8.vcxproj", "{5C98CF2C-ADFF-40A4-B26A-2AC46B1502EC}"
EndProject
Project("{8BC9CEB8-8B4A-11D0-8D11-00A0C91BC942}") = "Загрузка из файла", "Загрузка из файла\Загрузка из файла.vcxproj", "{26375194-0534-4FA5-8CFA-CA0CF4098FEC}"
EndProject
Project("{8BC9CEB8-8B4A-11D0-8D11-00A0C91BC942}") = "26.6-20.02.2022(Поляков)", "26.6-20.02.2022(Поляков)\26.6-20.02.2022(Поляков).vcxproj", "{F9A9F026-6780-4DDE-8E81-02C15288DD01}"
EndProject
Project("{8BC9CEB8-8B4A-11D0-8D11-00A0C91BC942}") = "Пробник", "Пробник\Пробник.vcxproj", "{427396FF-01FC-40DE-B173-00BF476E11C9}"
EndProject
Project("{8BC9CEB8-8B4A-11D0-8D11-00A0C91BC942}") = "Турбо", "Турбо\Турбо.vcxproj", "{73E9E412-F087-49FE-B89D-903C73E78471}"
EndProject
Project("{8BC9CEB8-8B4A-11D0-8D11-00A0C91BC942}") = "26.7-01.03.2022", "26.7-01.03.2022\26.7-01.03.2022.vcxproj", "{AD7BB8C2-2A09-4B8D-868E-F444015E7B7F}"
EndProject
Project("{8BC9CEB8-8B4A-11D0-8D11-00A0C91BC942}") = "Кучи", "Кучи\Кучи.vcxproj", "{2384E67B-A1CC-46B1-A303-39D14296246E}"
EndProject
Project("{8BC9CEB8-8B4A-11D0-8D11-00A0C91BC942}") = "Кучи2", "Кучи2\Кучи2.vcxproj", "{ECD7662C-0BD4-4CC0-947A-E353467A8D03}"
EndProject
Project("{8BC9CEB8-8B4A-11D0-8D11-00A0C91BC942}") = "Кучи3", "Кучи3\Кучи3.vcxproj", "{F26F1EC2-3E29-42EF-83C8-572172CE1502}"
EndProject
Project("{8BC9CEB8-8B4A-11D0-8D11-00A0C91BC942}") = "Кучи4", "Кучи4\Кучи4.vcxproj", "{39C6EDCE-A30E-47AE-8984-A3BE3795FBD1}"
EndProject
Project("{8BC9CEB8-8B4A-11D0-8D11-00A0C91BC942}") = "Кучи5", "Кучи5\Кучи5.vcxproj", "{D19A16F6-15BC-4FDE-90B8-B3C0FFFA78CA}"
EndProject
Project("{8BC9CEB8-8B4A-11D0-8D11-00A0C91BC942}") = "Кучи Общий Вид", "Кучи Общий Вид\Кучи Общий Вид.vcxproj", "{7B9220E1-2D65-425C-9785-6B2B97DF79C0}"
EndProject
Project("{8BC9CEB8-8B4A-11D0-8D11-00A0C91BC942}") = "27.3-15.03.2022", "27.3-15.03.2022\27.3-15.03.2022.vcxproj", "{8D9DE081-8B5E-42D4-A622-5A7E699CB74F}"
EndProject
Project("{8BC9CEB8-8B4A-11D0-8D11-00A0C91BC942}") = "Статград 26", "Статград 26\Статград 26.vcxproj", "{A2704135-F2A0-4EA6-8C11-54FC28C2B0DF}"
EndProject
Project("{8BC9CEB8-8B4A-11D0-8D11-00A0C91BC942}") = "1.1-14.12.2021", "1.1-14.12.2021\1.1-14.12.2021.vcxproj", "{FC04013A-547F-47FB-8581-C92238D6A3E2}"
EndProject
Project("{8BC9CEB8-8B4A-11D0-8D11-00A0C91BC942}") = "1.1-19.01.2022", "1.1-19.01.2022\1.1-19.01.2022.vcxproj", "{90955D16-19E4-49B5-9214-1D4268EE28D0}"
EndProject
Project("{8BC9CEB8-8B4A-11D0-8D11-00A0C91BC942}") = "1.1-26.11.2021", "1.1-26.11.2021\1.1-26.11.2021.vcxproj", "{BE835F2F-2394-4797-B8F2-33CB80ECD45C}"
EndProject
Project("{8BC9CEB8-8B4A-11D0-8D11-00A0C91BC942}") = "1.0-30.10.2022", "1.0-30.10.2022\1.0-30.10.2022.vcxproj", "{87C08F93-E1C5-4B3A-A17C-2BDB8091A473}"
EndProject
Project("{8BC9CEB8-8B4A-11D0-8D11-00A0C91BC942}") = "1.1-23.10.2021", "1.1-23.10.2021\1.1-23.10.2021.vcxproj", "{2230BF9D-BEE9-4C82-AFB1-DE9B2D54AB7C}"
EndProject
Project("{8BC9CEB8-8B4A-11D0-8D11-00A0C91BC942}") = "Кучи0", "Кучи0\Кучи0.vcxproj", "{8E75903F-A625-4157-A717-3ED32331FF12}"
EndProject
Global
	GlobalSection(SolutionConfigurationPlatforms) = preSolution
		Debug|x64 = Debug|x64
		Debug|x86 = Debug|x86
		Release|x64 = Release|x64
		Release|x86 = Release|x86
	EndGlobalSection
	GlobalSection(ProjectConfigurationPlatforms) = postSolution
		{286C5E54-DDEC-47D2-A8BF-337B188A6F83}.Debug|x64.ActiveCfg = Debug|x64
		{286C5E54-DDEC-47D2-A8BF-337B188A6F83}.Debug|x64.Build.0 = Debug|x64
		{286C5E54-DDEC-47D2-A8BF-337B188A6F83}.Debug|x86.ActiveCfg = Debug|Win32
		{286C5E54-DDEC-47D2-A8BF-337B188A6F83}.Debug|x86.Build.0 = Debug|Win32
		{286C5E54-DDEC-47D2-A8BF-337B188A6F83}.Release|x64.ActiveCfg = Release|x64
		{286C5E54-DDEC-47D2-A8BF-337B188A6F83}.Release|x64.Build.0 = Release|x64
		{286C5E54-DDEC-47D2-A8BF-337B188A6F83}.Release|x86.ActiveCfg = Release|Win32
		{286C5E54-DDEC-47D2-A8BF-337B188A6F83}.Release|x86.Build.0 = Release|Win32
		{39B71D3F-9DEA-463C-9FD4-BA73ADF14175}.Debug|x64.ActiveCfg = Debug|x64
		{39B71D3F-9DEA-463C-9FD4-BA73ADF14175}.Debug|x64.Build.0 = Debug|x64
		{39B71D3F-9DEA-463C-9FD4-BA73ADF14175}.Debug|x86.ActiveCfg = Debug|Win32
		{39B71D3F-9DEA-463C-9FD4-BA73ADF14175}.Debug|x86.Build.0 = Debug|Win32
		{39B71D3F-9DEA-463C-9FD4-BA73ADF14175}.Release|x64.ActiveCfg = Release|x64
		{39B71D3F-9DEA-463C-9FD4-BA73ADF14175}.Release|x64.Build.0 = Release|x64
		{39B71D3F-9DEA-463C-9FD4-BA73ADF14175}.Release|x86.ActiveCfg = Release|Win32
		{39B71D3F-9DEA-463C-9FD4-BA73ADF14175}.Release|x86.Build.0 = Release|Win32
		{996E7B38-A298-4BD9-91EF-A520F9054080}.Debug|x64.ActiveCfg = Debug|x64
		{996E7B38-A298-4BD9-91EF-A520F9054080}.Debug|x64.Build.0 = Debug|x64
		{996E7B38-A298-4BD9-91EF-A520F9054080}.Debug|x86.ActiveCfg = Debug|Win32
		{996E7B38-A298-4BD9-91EF-A520F9054080}.Debug|x86.Build.0 = Debug|Win32
		{996E7B38-A298-4BD9-91EF-A520F9054080}.Release|x64.ActiveCfg = Release|x64
		{996E7B38-A298-4BD9-91EF-A520F9054080}.Release|x64.Build.0 = Release|x64
		{996E7B38-A298-4BD9-91EF-A520F9054080}.Release|x86.ActiveCfg = Release|Win32
		{996E7B38-A298-4BD9-91EF-A520F9054080}.Release|x86.Build.0 = Release|Win32
		{3C24A221-A94D-49D0-A64E-FE0FAE7BB50E}.Debug|x64.ActiveCfg = Debug|x64
		{3C24A221-A94D-49D0-A64E-FE0FAE7BB50E}.Debug|x64.Build.0 = Debug|x64
		{3C24A221-A94D-49D0-A64E-FE0FAE7BB50E}.Debug|x86.ActiveCfg = Debug|Win32
		{3C24A221-A94D-49D0-A64E-FE0FAE7BB50E}.Debug|x86.Build.0 = Debug|Win32
		{3C24A221-A94D-49D0-A64E-FE0FAE7BB50E}.Release|x64.ActiveCfg = Release|x64
		{3C24A221-A94D-49D0-A64E-FE0FAE7BB50E}.Release|x64.Build.0 = Release|x64
		{3C24A221-A94D-49D0-A64E-FE0FAE7BB50E}.Release|x86.ActiveCfg = Release|Win32
		{3C24A221-A94D-49D0-A64E-FE0FAE7BB50E}.Release|x86.Build.0 = Release|Win32
		{B87BB94C-0D87-420F-B3CF-1CDE2F76F279}.Debug|x64.ActiveCfg = Debug|x64
		{B87BB94C-0D87-420F-B3CF-1CDE2F76F279}.Debug|x64.Build.0 = Debug|x64
		{B87BB94C-0D87-420F-B3CF-1CDE2F76F279}.Debug|x86.ActiveCfg = Debug|Win32
		{B87BB94C-0D87-420F-B3CF-1CDE2F76F279}.Debug|x86.Build.0 = Debug|Win32
		{B87BB94C-0D87-420F-B3CF-1CDE2F76F279}.Release|x64.ActiveCfg = Release|x64
		{B87BB94C-0D87-420F-B3CF-1CDE2F76F279}.Release|x64.Build.0 = Release|x64
		{B87BB94C-0D87-420F-B3CF-1CDE2F76F279}.Release|x86.ActiveCfg = Release|Win32
		{B87BB94C-0D87-420F-B3CF-1CDE2F76F279}.Release|x86.Build.0 = Release|Win32
		{B857C5F6-0C84-49F2-BC11-96D80F818C26}.Debug|x64.ActiveCfg = Debug|x64
		{B857C5F6-0C84-49F2-BC11-96D80F818C26}.Debug|x64.Build.0 = Debug|x64
		{B857C5F6-0C84-49F2-BC11-96D80F818C26}.Debug|x86.ActiveCfg = Debug|Win32
		{B857C5F6-0C84-49F2-BC11-96D80F818C26}.Debug|x86.Build.0 = Debug|Win32
		{B857C5F6-0C84-49F2-BC11-96D80F818C26}.Release|x64.ActiveCfg = Release|x64
		{B857C5F6-0C84-49F2-BC11-96D80F818C26}.Release|x64.Build.0 = Release|x64
		{B857C5F6-0C84-49F2-BC11-96D80F818C26}.Release|x86.ActiveCfg = Release|Win32
		{B857C5F6-0C84-49F2-BC11-96D80F818C26}.Release|x86.Build.0 = Release|Win32
		{97125195-0D75-4C3C-B3C7-B7DB9694F2C2}.Debug|x64.ActiveCfg = Debug|x64
		{97125195-0D75-4C3C-B3C7-B7DB9694F2C2}.Debug|x64.Build.0 = Debug|x64
		{97125195-0D75-4C3C-B3C7-B7DB9694F2C2}.Debug|x86.ActiveCfg = Debug|Win32
		{97125195-0D75-4C3C-B3C7-B7DB9694F2C2}.Debug|x86.Build.0 = Debug|Win32
		{97125195-0D75-4C3C-B3C7-B7DB9694F2C2}.Release|x64.ActiveCfg = Release|x64
		{97125195-0D75-4C3C-B3C7-B7DB9694F2C2}.Release|x64.Build.0 = Release|x64
		{97125195-0D75-4C3C-B3C7-B7DB9694F2C2}.Release|x86.ActiveCfg = Release|Win32
		{97125195-0D75-4C3C-B3C7-B7DB9694F2C2}.Release|x86.Build.0 = Release|Win32
		{1A7282E2-C989-450A-A59B-5014739EE258}.Debug|x64.ActiveCfg = Debug|x64
		{1A7282E2-C989-450A-A59B-5014739EE258}.Debug|x64.Build.0 = Debug|x64
		{1A7282E2-C989-450A-A59B-5014739EE258}.Debug|x86.ActiveCfg = Debug|Win32
		{1A7282E2-C989-450A-A59B-5014739EE258}.Debug|x86.Build.0 = Debug|Win32
		{1A7282E2-C989-450A-A59B-5014739EE258}.Release|x64.ActiveCfg = Release|x64
		{1A7282E2-C989-450A-A59B-5014739EE258}.Release|x64.Build.0 = Release|x64
		{1A7282E2-C989-450A-A59B-5014739EE258}.Release|x86.ActiveCfg = Release|Win32
		{1A7282E2-C989-450A-A59B-5014739EE258}.Release|x86.Build.0 = Release|Win32
		{4DDBFE76-2F11-4AF3-8C23-B1146B827E3C}.Debug|x64.ActiveCfg = Debug|x64
		{4DDBFE76-2F11-4AF3-8C23-B1146B827E3C}.Debug|x64.Build.0 = Debug|x64
		{4DDBFE76-2F11-4AF3-8C23-B1146B827E3C}.Debug|x86.ActiveCfg = Debug|Win32
		{4DDBFE76-2F11-4AF3-8C23-B1146B827E3C}.Debug|x86.Build.0 = Debug|Win32
		{4DDBFE76-2F11-4AF3-8C23-B1146B827E3C}.Release|x64.ActiveCfg = Release|x64
		{4DDBFE76-2F11-4AF3-8C23-B1146B827E3C}.Release|x64.Build.0 = Release|x64
		{4DDBFE76-2F11-4AF3-8C23-B1146B827E3C}.Release|x86.ActiveCfg = Release|Win32
		{4DDBFE76-2F11-4AF3-8C23-B1146B827E3C}.Release|x86.Build.0 = Release|Win32
		{4E1D4424-E906-416A-95B7-986191C4CB15}.Debug|x64.ActiveCfg = Debug|x64
		{4E1D4424-E906-416A-95B7-986191C4CB15}.Debug|x64.Build.0 = Debug|x64
		{4E1D4424-E906-416A-95B7-986191C4CB15}.Debug|x86.ActiveCfg = Debug|Win32
		{4E1D4424-E906-416A-95B7-986191C4CB15}.Debug|x86.Build.0 = Debug|Win32
		{4E1D4424-E906-416A-95B7-986191C4CB15}.Release|x64.ActiveCfg = Release|x64
		{4E1D4424-E906-416A-95B7-986191C4CB15}.Release|x64.Build.0 = Release|x64
		{4E1D4424-E906-416A-95B7-986191C4CB15}.Release|x86.ActiveCfg = Release|Win32
		{4E1D4424-E906-416A-95B7-986191C4CB15}.Release|x86.Build.0 = Release|Win32
		{6ADF449E-FFAB-4829-916F-7F7BD7E9FAE9}.Debug|x64.ActiveCfg = Debug|x64
		{6ADF449E-FFAB-4829-916F-7F7BD7E9FAE9}.Debug|x64.Build.0 = Debug|x64
		{6ADF449E-FFAB-4829-916F-7F7BD7E9FAE9}.Debug|x86.ActiveCfg = Debug|Win32
		{6ADF449E-FFAB-4829-916F-7F7BD7E9FAE9}.Debug|x86.Build.0 = Debug|Win32
		{6ADF449E-FFAB-4829-916F-7F7BD7E9FAE9}.Release|x64.ActiveCfg = Release|x64
		{6ADF449E-FFAB-4829-916F-7F7BD7E9FAE9}.Release|x64.Build.0 = Release|x64
		{6ADF449E-FFAB-4829-916F-7F7BD7E9FAE9}.Release|x86.ActiveCfg = Release|Win32
		{6ADF449E-FFAB-4829-916F-7F7BD7E9FAE9}.Release|x86.Build.0 = Release|Win32
		{A9E7EA2F-1E36-4705-81C2-CBECC55A76E8}.Debug|x64.ActiveCfg = Debug|x64
		{A9E7EA2F-1E36-4705-81C2-CBECC55A76E8}.Debug|x64.Build.0 = Debug|x64
		{A9E7EA2F-1E36-4705-81C2-CBECC55A76E8}.Debug|x86.ActiveCfg = Debug|Win32
		{A9E7EA2F-1E36-4705-81C2-CBECC55A76E8}.Debug|x86.Build.0 = Debug|Win32
		{A9E7EA2F-1E36-4705-81C2-CBECC55A76E8}.Release|x64.ActiveCfg = Release|x64
		{A9E7EA2F-1E36-4705-81C2-CBECC55A76E8}.Release|x64.Build.0 = Release|x64
		{A9E7EA2F-1E36-4705-81C2-CBECC55A76E8}.Release|x86.ActiveCfg = Release|Win32
		{A9E7EA2F-1E36-4705-81C2-CBECC55A76E8}.Release|x86.Build.0 = Release|Win32
		{C54D430E-9C25-4FA2-83C0-DE51E88DC06D}.Debug|x64.ActiveCfg = Debug|x64
		{C54D430E-9C25-4FA2-83C0-DE51E88DC06D}.Debug|x64.Build.0 = Debug|x64
		{C54D430E-9C25-4FA2-83C0-DE51E88DC06D}.Debug|x86.ActiveCfg = Debug|Win32
		{C54D430E-9C25-4FA2-83C0-DE51E88DC06D}.Debug|x86.Build.0 = Debug|Win32
		{C54D430E-9C25-4FA2-83C0-DE51E88DC06D}.Release|x64.ActiveCfg = Release|x64
		{C54D430E-9C25-4FA2-83C0-DE51E88DC06D}.Release|x64.Build.0 = Release|x64
		{C54D430E-9C25-4FA2-83C0-DE51E88DC06D}.Release|x86.ActiveCfg = Release|Win32
		{C54D430E-9C25-4FA2-83C0-DE51E88DC06D}.Release|x86.Build.0 = Release|Win32
		{8DC45AC9-43CD-4580-A523-5ADFBF66521E}.Debug|x64.ActiveCfg = Debug|x64
		{8DC45AC9-43CD-4580-A523-5ADFBF66521E}.Debug|x64.Build.0 = Debug|x64
		{8DC45AC9-43CD-4580-A523-5ADFBF66521E}.Debug|x86.ActiveCfg = Debug|Win32
		{8DC45AC9-43CD-4580-A523-5ADFBF66521E}.Debug|x86.Build.0 = Debug|Win32
		{8DC45AC9-43CD-4580-A523-5ADFBF66521E}.Release|x64.ActiveCfg = Release|x64
		{8DC45AC9-43CD-4580-A523-5ADFBF66521E}.Release|x64.Build.0 = Release|x64
		{8DC45AC9-43CD-4580-A523-5ADFBF66521E}.Release|x86.ActiveCfg = Release|Win32
		{8DC45AC9-43CD-4580-A523-5ADFBF66521E}.Release|x86.Build.0 = Release|Win32
		{9C441162-18F6-48F8-B25B-BB5AAA0A48EB}.Debug|x64.ActiveCfg = Debug|x64
		{9C441162-18F6-48F8-B25B-BB5AAA0A48EB}.Debug|x64.Build.0 = Debug|x64
		{9C441162-18F6-48F8-B25B-BB5AAA0A48EB}.Debug|x86.ActiveCfg = Debug|Win32
		{9C441162-18F6-48F8-B25B-BB5AAA0A48EB}.Debug|x86.Build.0 = Debug|Win32
		{9C441162-18F6-48F8-B25B-BB5AAA0A48EB}.Release|x64.ActiveCfg = Release|x64
		{9C441162-18F6-48F8-B25B-BB5AAA0A48EB}.Release|x64.Build.0 = Release|x64
		{9C441162-18F6-48F8-B25B-BB5AAA0A48EB}.Release|x86.ActiveCfg = Release|Win32
		{9C441162-18F6-48F8-B25B-BB5AAA0A48EB}.Release|x86.Build.0 = Release|Win32
		{49E479BA-33AF-4A32-8799-22910AC66820}.Debug|x64.ActiveCfg = Debug|x64
		{49E479BA-33AF-4A32-8799-22910AC66820}.Debug|x64.Build.0 = Debug|x64
		{49E479BA-33AF-4A32-8799-22910AC66820}.Debug|x86.ActiveCfg = Debug|Win32
		{49E479BA-33AF-4A32-8799-22910AC66820}.Debug|x86.Build.0 = Debug|Win32
		{49E479BA-33AF-4A32-8799-22910AC66820}.Release|x64.ActiveCfg = Release|x64
		{49E479BA-33AF-4A32-8799-22910AC66820}.Release|x64.Build.0 = Release|x64
		{49E479BA-33AF-4A32-8799-22910AC66820}.Release|x86.ActiveCfg = Release|Win32
		{49E479BA-33AF-4A32-8799-22910AC66820}.Release|x86.Build.0 = Release|Win32
		{6D6E8AD5-A9D5-4694-A569-60C4C9F132D5}.Debug|x64.ActiveCfg = Debug|x64
		{6D6E8AD5-A9D5-4694-A569-60C4C9F132D5}.Debug|x64.Build.0 = Debug|x64
		{6D6E8AD5-A9D5-4694-A569-60C4C9F132D5}.Debug|x86.ActiveCfg = Debug|Win32
		{6D6E8AD5-A9D5-4694-A569-60C4C9F132D5}.Debug|x86.Build.0 = Debug|Win32
		{6D6E8AD5-A9D5-4694-A569-60C4C9F132D5}.Release|x64.ActiveCfg = Release|x64
		{6D6E8AD5-A9D5-4694-A569-60C4C9F132D5}.Release|x64.Build.0 = Release|x64
		{6D6E8AD5-A9D5-4694-A569-60C4C9F132D5}.Release|x86.ActiveCfg = Release|Win32
		{6D6E8AD5-A9D5-4694-A569-60C4C9F132D5}.Release|x86.Build.0 = Release|Win32
		{00AB71BA-85C9-483D-8799-676F5496E2EB}.Debug|x64.ActiveCfg = Debug|x64
		{00AB71BA-85C9-483D-8799-676F5496E2EB}.Debug|x64.Build.0 = Debug|x64
		{00AB71BA-85C9-483D-8799-676F5496E2EB}.Debug|x86.ActiveCfg = Debug|Win32
		{00AB71BA-85C9-483D-8799-676F5496E2EB}.Debug|x86.Build.0 = Debug|Win32
		{00AB71BA-85C9-483D-8799-676F5496E2EB}.Release|x64.ActiveCfg = Release|x64
		{00AB71BA-85C9-483D-8799-676F5496E2EB}.Release|x64.Build.0 = Release|x64
		{00AB71BA-85C9-483D-8799-676F5496E2EB}.Release|x86.ActiveCfg = Release|Win32
		{00AB71BA-85C9-483D-8799-676F5496E2EB}.Release|x86.Build.0 = Release|Win32
		{5C98CF2C-ADFF-40A4-B26A-2AC46B1502EC}.Debug|x64.ActiveCfg = Debug|x64
		{5C98CF2C-ADFF-40A4-B26A-2AC46B1502EC}.Debug|x64.Build.0 = Debug|x64
		{5C98CF2C-ADFF-40A4-B26A-2AC46B1502EC}.Debug|x86.ActiveCfg = Debug|Win32
		{5C98CF2C-ADFF-40A4-B26A-2AC46B1502EC}.Debug|x86.Build.0 = Debug|Win32
		{5C98CF2C-ADFF-40A4-B26A-2AC46B1502EC}.Release|x64.ActiveCfg = Release|x64
		{5C98CF2C-ADFF-40A4-B26A-2AC46B1502EC}.Release|x64.Build.0 = Release|x64
		{5C98CF2C-ADFF-40A4-B26A-2AC46B1502EC}.Release|x86.ActiveCfg = Release|Win32
		{5C98CF2C-ADFF-40A4-B26A-2AC46B1502EC}.Release|x86.Build.0 = Release|Win32
		{26375194-0534-4FA5-8CFA-CA0CF4098FEC}.Debug|x64.ActiveCfg = Debug|x64
		{26375194-0534-4FA5-8CFA-CA0CF4098FEC}.Debug|x64.Build.0 = Debug|x64
		{26375194-0534-4FA5-8CFA-CA0CF4098FEC}.Debug|x86.ActiveCfg = Debug|Win32
		{26375194-0534-4FA5-8CFA-CA0CF4098FEC}.Debug|x86.Build.0 = Debug|Win32
		{26375194-0534-4FA5-8CFA-CA0CF4098FEC}.Release|x64.ActiveCfg = Release|x64
		{26375194-0534-4FA5-8CFA-CA0CF4098FEC}.Release|x64.Build.0 = Release|x64
		{26375194-0534-4FA5-8CFA-CA0CF4098FEC}.Release|x86.ActiveCfg = Release|Win32
		{26375194-0534-4FA5-8CFA-CA0CF4098FEC}.Release|x86.Build.0 = Release|Win32
		{F9A9F026-6780-4DDE-8E81-02C15288DD01}.Debug|x64.ActiveCfg = Debug|x64
		{F9A9F026-6780-4DDE-8E81-02C15288DD01}.Debug|x64.Build.0 = Debug|x64
		{F9A9F026-6780-4DDE-8E81-02C15288DD01}.Debug|x86.ActiveCfg = Debug|Win32
		{F9A9F026-6780-4DDE-8E81-02C15288DD01}.Debug|x86.Build.0 = Debug|Win32
		{F9A9F026-6780-4DDE-8E81-02C15288DD01}.Release|x64.ActiveCfg = Release|x64
		{F9A9F026-6780-4DDE-8E81-02C15288DD01}.Release|x64.Build.0 = Release|x64
		{F9A9F026-6780-4DDE-8E81-02C15288DD01}.Release|x86.ActiveCfg = Release|Win32
		{F9A9F026-6780-4DDE-8E81-02C15288DD01}.Release|x86.Build.0 = Release|Win32
		{427396FF-01FC-40DE-B173-00BF476E11C9}.Debug|x64.ActiveCfg = Debug|x64
		{427396FF-01FC-40DE-B173-00BF476E11C9}.Debug|x64.Build.0 = Debug|x64
		{427396FF-01FC-40DE-B173-00BF476E11C9}.Debug|x86.ActiveCfg = Debug|Win32
		{427396FF-01FC-40DE-B173-00BF476E11C9}.Debug|x86.Build.0 = Debug|Win32
		{427396FF-01FC-40DE-B173-00BF476E11C9}.Release|x64.ActiveCfg = Release|x64
		{427396FF-01FC-40DE-B173-00BF476E11C9}.Release|x64.Build.0 = Release|x64
		{427396FF-01FC-40DE-B173-00BF476E11C9}.Release|x86.ActiveCfg = Release|Win32
		{427396FF-01FC-40DE-B173-00BF476E11C9}.Release|x86.Build.0 = Release|Win32
		{73E9E412-F087-49FE-B89D-903C73E78471}.Debug|x64.ActiveCfg = Debug|x64
		{73E9E412-F087-49FE-B89D-903C73E78471}.Debug|x64.Build.0 = Debug|x64
		{73E9E412-F087-49FE-B89D-903C73E78471}.Debug|x86.ActiveCfg = Debug|Win32
		{73E9E412-F087-49FE-B89D-903C73E78471}.Debug|x86.Build.0 = Debug|Win32
		{73E9E412-F087-49FE-B89D-903C73E78471}.Release|x64.ActiveCfg = Release|x64
		{73E9E412-F087-49FE-B89D-903C73E78471}.Release|x64.Build.0 = Release|x64
		{73E9E412-F087-49FE-B89D-903C73E78471}.Release|x86.ActiveCfg = Release|Win32
		{73E9E412-F087-49FE-B89D-903C73E78471}.Release|x86.Build.0 = Release|Win32
		{AD7BB8C2-2A09-4B8D-868E-F444015E7B7F}.Debug|x64.ActiveCfg = Debug|x64
		{AD7BB8C2-2A09-4B8D-868E-F444015E7B7F}.Debug|x64.Build.0 = Debug|x64
		{AD7BB8C2-2A09-4B8D-868E-F444015E7B7F}.Debug|x86.ActiveCfg = Debug|Win32
		{AD7BB8C2-2A09-4B8D-868E-F444015E7B7F}.Debug|x86.Build.0 = Debug|Win32
		{AD7BB8C2-2A09-4B8D-868E-F444015E7B7F}.Release|x64.ActiveCfg = Release|x64
		{AD7BB8C2-2A09-4B8D-868E-F444015E7B7F}.Release|x64.Build.0 = Release|x64
		{AD7BB8C2-2A09-4B8D-868E-F444015E7B7F}.Release|x86.ActiveCfg = Release|Win32
		{AD7BB8C2-2A09-4B8D-868E-F444015E7B7F}.Release|x86.Build.0 = Release|Win32
		{2384E67B-A1CC-46B1-A303-39D14296246E}.Debug|x64.ActiveCfg = Debug|x64
		{2384E67B-A1CC-46B1-A303-39D14296246E}.Debug|x64.Build.0 = Debug|x64
		{2384E67B-A1CC-46B1-A303-39D14296246E}.Debug|x86.ActiveCfg = Debug|Win32
		{2384E67B-A1CC-46B1-A303-39D14296246E}.Debug|x86.Build.0 = Debug|Win32
		{2384E67B-A1CC-46B1-A303-39D14296246E}.Release|x64.ActiveCfg = Release|x64
		{2384E67B-A1CC-46B1-A303-39D14296246E}.Release|x64.Build.0 = Release|x64
		{2384E67B-A1CC-46B1-A303-39D14296246E}.Release|x86.ActiveCfg = Release|Win32
		{2384E67B-A1CC-46B1-A303-39D14296246E}.Release|x86.Build.0 = Release|Win32
		{ECD7662C-0BD4-4CC0-947A-E353467A8D03}.Debug|x64.ActiveCfg = Debug|x64
		{ECD7662C-0BD4-4CC0-947A-E353467A8D03}.Debug|x64.Build.0 = Debug|x64
		{ECD7662C-0BD4-4CC0-947A-E353467A8D03}.Debug|x86.ActiveCfg = Debug|Win32
		{ECD7662C-0BD4-4CC0-947A-E353467A8D03}.Debug|x86.Build.0 = Debug|Win32
		{ECD7662C-0BD4-4CC0-947A-E353467A8D03}.Release|x64.ActiveCfg = Release|x64
		{ECD7662C-0BD4-4CC0-947A-E353467A8D03}.Release|x64.Build.0 = Release|x64
		{ECD7662C-0BD4-4CC0-947A-E353467A8D03}.Release|x86.ActiveCfg = Release|Win32
		{ECD7662C-0BD4-4CC0-947A-E353467A8D03}.Release|x86.Build.0 = Release|Win32
		{F26F1EC2-3E29-42EF-83C8-572172CE1502}.Debug|x64.ActiveCfg = Debug|x64
		{F26F1EC2-3E29-42EF-83C8-572172CE1502}.Debug|x64.Build.0 = Debug|x64
		{F26F1EC2-3E29-42EF-83C8-572172CE1502}.Debug|x86.ActiveCfg = Debug|Win32
		{F26F1EC2-3E29-42EF-83C8-572172CE1502}.Debug|x86.Build.0 = Debug|Win32
		{F26F1EC2-3E29-42EF-83C8-572172CE1502}.Release|x64.ActiveCfg = Release|x64
		{F26F1EC2-3E29-42EF-83C8-572172CE1502}.Release|x64.Build.0 = Release|x64
		{F26F1EC2-3E29-42EF-83C8-572172CE1502}.Release|x86.ActiveCfg = Release|Win32
		{F26F1EC2-3E29-42EF-83C8-572172CE1502}.Release|x86.Build.0 = Release|Win32
		{39C6EDCE-A30E-47AE-8984-A3BE3795FBD1}.Debug|x64.ActiveCfg = Debug|x64
		{39C6EDCE-A30E-47AE-8984-A3BE3795FBD1}.Debug|x64.Build.0 = Debug|x64
		{39C6EDCE-A30E-47AE-8984-A3BE3795FBD1}.Debug|x86.ActiveCfg = Debug|Win32
		{39C6EDCE-A30E-47AE-8984-A3BE3795FBD1}.Debug|x86.Build.0 = Debug|Win32
		{39C6EDCE-A30E-47AE-8984-A3BE3795FBD1}.Release|x64.ActiveCfg = Release|x64
		{39C6EDCE-A30E-47AE-8984-A3BE3795FBD1}.Release|x64.Build.0 = Release|x64
		{39C6EDCE-A30E-47AE-8984-A3BE3795FBD1}.Release|x86.ActiveCfg = Release|Win32
		{39C6EDCE-A30E-47AE-8984-A3BE3795FBD1}.Release|x86.Build.0 = Release|Win32
		{D19A16F6-15BC-4FDE-90B8-B3C0FFFA78CA}.Debug|x64.ActiveCfg = Debug|x64
		{D19A16F6-15BC-4FDE-90B8-B3C0FFFA78CA}.Debug|x64.Build.0 = Debug|x64
		{D19A16F6-15BC-4FDE-90B8-B3C0FFFA78CA}.Debug|x86.ActiveCfg = Debug|Win32
		{D19A16F6-15BC-4FDE-90B8-B3C0FFFA78CA}.Debug|x86.Build.0 = Debug|Win32
		{D19A16F6-15BC-4FDE-90B8-B3C0FFFA78CA}.Release|x64.ActiveCfg = Release|x64
		{D19A16F6-15BC-4FDE-90B8-B3C0FFFA78CA}.Release|x64.Build.0 = Release|x64
		{D19A16F6-15BC-4FDE-90B8-B3C0FFFA78CA}.Release|x86.ActiveCfg = Release|Win32
		{D19A16F6-15BC-4FDE-90B8-B3C0FFFA78CA}.Release|x86.Build.0 = Release|Win32
		{7B9220E1-2D65-425C-9785-6B2B97DF79C0}.Debug|x64.ActiveCfg = Debug|x64
		{7B9220E1-2D65-425C-9785-6B2B97DF79C0}.Debug|x64.Build.0 = Debug|x64
		{7B9220E1-2D65-425C-9785-6B2B97DF79C0}.Debug|x86.ActiveCfg = Debug|Win32
		{7B9220E1-2D65-425C-9785-6B2B97DF79C0}.Debug|x86.Build.0 = Debug|Win32
		{7B9220E1-2D65-425C-9785-6B2B97DF79C0}.Release|x64.ActiveCfg = Release|x64
		{7B9220E1-2D65-425C-9785-6B2B97DF79C0}.Release|x64.Build.0 = Release|x64
		{7B9220E1-2D65-425C-9785-6B2B97DF79C0}.Release|x86.ActiveCfg = Release|Win32
		{7B9220E1-2D65-425C-9785-6B2B97DF79C0}.Release|x86.Build.0 = Release|Win32
		{8D9DE081-8B5E-42D4-A622-5A7E699CB74F}.Debug|x64.ActiveCfg = Debug|x64
		{8D9DE081-8B5E-42D4-A622-5A7E699CB74F}.Debug|x64.Build.0 = Debug|x64
		{8D9DE081-8B5E-42D4-A622-5A7E699CB74F}.Debug|x86.ActiveCfg = Debug|Win32
		{8D9DE081-8B5E-42D4-A622-5A7E699CB74F}.Debug|x86.Build.0 = Debug|Win32
		{8D9DE081-8B5E-42D4-A622-5A7E699CB74F}.Release|x64.ActiveCfg = Release|x64
		{8D9DE081-8B5E-42D4-A622-5A7E699CB74F}.Release|x64.Build.0 = Release|x64
		{8D9DE081-8B5E-42D4-A622-5A7E699CB74F}.Release|x86.ActiveCfg = Release|Win32
		{8D9DE081-8B5E-42D4-A622-5A7E699CB74F}.Release|x86.Build.0 = Release|Win32
		{A2704135-F2A0-4EA6-8C11-54FC28C2B0DF}.Debug|x64.ActiveCfg = Debug|x64
		{A2704135-F2A0-4EA6-8C11-54FC28C2B0DF}.Debug|x64.Build.0 = Debug|x64
		{A2704135-F2A0-4EA6-8C11-54FC28C2B0DF}.Debug|x86.ActiveCfg = Debug|Win32
		{A2704135-F2A0-4EA6-8C11-54FC28C2B0DF}.Debug|x86.Build.0 = Debug|Win32
		{A2704135-F2A0-4EA6-8C11-54FC28C2B0DF}.Release|x64.ActiveCfg = Release|x64
		{A2704135-F2A0-4EA6-8C11-54FC28C2B0DF}.Release|x64.Build.0 = Release|x64
		{A2704135-F2A0-4EA6-8C11-54FC28C2B0DF}.Release|x86.ActiveCfg = Release|Win32
		{A2704135-F2A0-4EA6-8C11-54FC28C2B0DF}.Release|x86.Build.0 = Release|Win32
		{FC04013A-547F-47FB-8581-C92238D6A3E2}.Debug|x64.ActiveCfg = Debug|x64
		{FC04013A-547F-47FB-8581-C92238D6A3E2}.Debug|x64.Build.0 = Debug|x64
		{FC04013A-547F-47FB-8581-C92238D6A3E2}.Debug|x86.ActiveCfg = Debug|Win32
		{FC04013A-547F-47FB-8581-C92238D6A3E2}.Debug|x86.Build.0 = Debug|Win32
		{FC04013A-547F-47FB-8581-C92238D6A3E2}.Release|x64.ActiveCfg = Release|x64
		{FC04013A-547F-47FB-8581-C92238D6A3E2}.Release|x64.Build.0 = Release|x64
		{FC04013A-547F-47FB-8581-C92238D6A3E2}.Release|x86.ActiveCfg = Release|Win32
		{FC04013A-547F-47FB-8581-C92238D6A3E2}.Release|x86.Build.0 = Release|Win32
		{90955D16-19E4-49B5-9214-1D4268EE28D0}.Debug|x64.ActiveCfg = Debug|x64
		{90955D16-19E4-49B5-9214-1D4268EE28D0}.Debug|x64.Build.0 = Debug|x64
		{90955D16-19E4-49B5-9214-1D4268EE28D0}.Debug|x86.ActiveCfg = Debug|Win32
		{90955D16-19E4-49B5-9214-1D4268EE28D0}.Debug|x86.Build.0 = Debug|Win32
		{90955D16-19E4-49B5-9214-1D4268EE28D0}.Release|x64.ActiveCfg = Release|x64
		{90955D16-19E4-49B5-9214-1D4268EE28D0}.Release|x64.Build.0 = Release|x64
		{90955D16-19E4-49B5-9214-1D4268EE28D0}.Release|x86.ActiveCfg = Release|Win32
		{90955D16-19E4-49B5-9214-1D4268EE28D0}.Release|x86.Build.0 = Release|Win32
		{BE835F2F-2394-4797-B8F2-33CB80ECD45C}.Debug|x64.ActiveCfg = Debug|x64
		{BE835F2F-2394-4797-B8F2-33CB80ECD45C}.Debug|x64.Build.0 = Debug|x64
		{BE835F2F-2394-4797-B8F2-33CB80ECD45C}.Debug|x86.ActiveCfg = Debug|Win32
		{BE835F2F-2394-4797-B8F2-33CB80ECD45C}.Debug|x86.Build.0 = Debug|Win32
		{BE835F2F-2394-4797-B8F2-33CB80ECD45C}.Release|x64.ActiveCfg = Release|x64
		{BE835F2F-2394-4797-B8F2-33CB80ECD45C}.Release|x64.Build.0 = Release|x64
		{BE835F2F-2394-4797-B8F2-33CB80ECD45C}.Release|x86.ActiveCfg = Release|Win32
		{BE835F2F-2394-4797-B8F2-33CB80ECD45C}.Release|x86.Build.0 = Release|Win32
		{87C08F93-E1C5-4B3A-A17C-2BDB8091A473}.Debug|x64.ActiveCfg = Debug|x64
		{87C08F93-E1C5-4B3A-A17C-2BDB8091A473}.Debug|x64.Build.0 = Debug|x64
		{87C08F93-E1C5-4B3A-A17C-2BDB8091A473}.Debug|x86.ActiveCfg = Debug|Win32
		{87C08F93-E1C5-4B3A-A17C-2BDB8091A473}.Debug|x86.Build.0 = Debug|Win32
		{87C08F93-E1C5-4B3A-A17C-2BDB8091A473}.Release|x64.ActiveCfg = Release|x64
		{87C08F93-E1C5-4B3A-A17C-2BDB8091A473}.Release|x64.Build.0 = Release|x64
		{87C08F93-E1C5-4B3A-A17C-2BDB8091A473}.Release|x86.ActiveCfg = Release|Win32
		{87C08F93-E1C5-4B3A-A17C-2BDB8091A473}.Release|x86.Build.0 = Release|Win32
		{2230BF9D-BEE9-4C82-AFB1-DE9B2D54AB7C}.Debug|x64.ActiveCfg = Debug|x64
		{2230BF9D-BEE9-4C82-AFB1-DE9B2D54AB7C}.Debug|x64.Build.0 = Debug|x64
		{2230BF9D-BEE9-4C82-AFB1-DE9B2D54AB7C}.Debug|x86.ActiveCfg = Debug|Win32
		{2230BF9D-BEE9-4C82-AFB1-DE9B2D54AB7C}.Debug|x86.Build.0 = Debug|Win32
		{2230BF9D-BEE9-4C82-AFB1-DE9B2D54AB7C}.Release|x64.ActiveCfg = Release|x64
		{2230BF9D-BEE9-4C82-AFB1-DE9B2D54AB7C}.Release|x64.Build.0 = Release|x64
		{2230BF9D-BEE9-4C82-AFB1-DE9B2D54AB7C}.Release|x86.ActiveCfg = Release|Win32
		{2230BF9D-BEE9-4C82-AFB1-DE9B2D54AB7C}.Release|x86.Build.0 = Release|Win32
		{8E75903F-A625-4157-A717-3ED32331FF12}.Debug|x64.ActiveCfg = Debug|x64
		{8E75903F-A625-4157-A717-3ED32331FF12}.Debug|x64.Build.0 = Debug|x64
		{8E75903F-A625-4157-A717-3ED32331FF12}.Debug|x86.ActiveCfg = Debug|Win32
		{8E75903F-A625-4157-A717-3ED32331FF12}.Debug|x86.Build.0 = Debug|Win32
		{8E75903F-A625-4157-A717-3ED32331FF12}.Release|x64.ActiveCfg = Release|x64
		{8E75903F-A625-4157-A717-3ED32331FF12}.Release|x64.Build.0 = Release|x64
		{8E75903F-A625-4157-A717-3ED32331FF12}.Release|x86.ActiveCfg = Release|Win32
		{8E75903F-A625-4157-A717-3ED32331FF12}.Release|x86.Build.0 = Release|Win32
	EndGlobalSection
	GlobalSection(SolutionProperties) = preSolution
		HideSolutionNode = FALSE
	EndGlobalSection
	GlobalSection(ExtensibilityGlobals) = postSolution
		SolutionGuid = {7234D7E3-5E28-4E2B-8AA8-4E7184C71A0F}
	EndGlobalSection
EndGlobal
