
Microsoft Visual Studio Solution File, Format Version 12.00
# Visual Studio Version 17
VisualStudioVersion = 17.1.32210.238
MinimumVisualStudioVersion = 10.0.40219.1
Project("{8BC9CEB8-8B4A-11D0-8D11-00A0C91BC942}") = "Частота Слов", "Частота Слов\Частота Слов.vcxproj", "{AA9AE340-AD73-4CDB-AF09-8EF0A928EF1B}"
EndProject
Project("{8BC9CEB8-8B4A-11D0-8D11-00A0C91BC942}") = "Ханойские Башни", "Ханойские Башни\Ханойские Башни.vcxproj", "{F50F8064-8D88-4049-B3C3-0C85E2F0F326}"
EndProject
Project("{8BC9CEB8-8B4A-11D0-8D11-00A0C91BC942}") = "Словарь", "Словарь\Словарь.vcxproj", "{0DA9AAF5-016A-4902-A527-52F77AD5A533}"
EndProject
Project("{8BC9CEB8-8B4A-11D0-8D11-00A0C91BC942}") = "Словарь (Тест)", "Словарь (Тест)\Словарь (Тест).vcxproj", "{13DBEABF-269B-427F-868C-CBAF3727A879}"
EndProject
Project("{8BC9CEB8-8B4A-11D0-8D11-00A0C91BC942}") = "Обновление Экрана. Тест", "Обновление Экрана. Тест\Обновление Экрана. Тест.vcxproj", "{5A03BB7C-AFF3-492C-A5AC-6908F21ADED1}"
EndProject
Project("{8BC9CEB8-8B4A-11D0-8D11-00A0C91BC942}") = "Классы. Тест", "Классы. Тест\Классы. Тест.vcxproj", "{75184015-30A3-4332-A833-F7D080CB0D14}"
EndProject
Project("{8BC9CEB8-8B4A-11D0-8D11-00A0C91BC942}") = "Динамическое Программирование", "Динамическое Программирование\Динамическое Программирование.vcxproj", "{31FACB51-AFE2-4EFD-ADD4-07513F225ECF}"
EndProject
Project("{8BC9CEB8-8B4A-11D0-8D11-00A0C91BC942}") = "Классы. Тест 2", "Классы. Тест 2\Классы. Тест 2.vcxproj", "{8D0E707C-5762-4BE4-9A29-877A175FAAC1}"
EndProject
Project("{8BC9CEB8-8B4A-11D0-8D11-00A0C91BC942}") = "Указатели. Тест", "Указатели. Тест\Указатели. Тест.vcxproj", "{3C2504DA-C790-4ABF-A5E8-D5EA37F738D5}"
EndProject
Global
	GlobalSection(SolutionConfigurationPlatforms) = preSolution
		Debug|x64 = Debug|x64
		Debug|x86 = Debug|x86
		Release|x64 = Release|x64
		Release|x86 = Release|x86
	EndGlobalSection
	GlobalSection(ProjectConfigurationPlatforms) = postSolution
		{AA9AE340-AD73-4CDB-AF09-8EF0A928EF1B}.Debug|x64.ActiveCfg = Debug|x64
		{AA9AE340-AD73-4CDB-AF09-8EF0A928EF1B}.Debug|x64.Build.0 = Debug|x64
		{AA9AE340-AD73-4CDB-AF09-8EF0A928EF1B}.Debug|x86.ActiveCfg = Debug|Win32
		{AA9AE340-AD73-4CDB-AF09-8EF0A928EF1B}.Debug|x86.Build.0 = Debug|Win32
		{AA9AE340-AD73-4CDB-AF09-8EF0A928EF1B}.Release|x64.ActiveCfg = Release|x64
		{AA9AE340-AD73-4CDB-AF09-8EF0A928EF1B}.Release|x64.Build.0 = Release|x64
		{AA9AE340-AD73-4CDB-AF09-8EF0A928EF1B}.Release|x86.ActiveCfg = Release|Win32
		{AA9AE340-AD73-4CDB-AF09-8EF0A928EF1B}.Release|x86.Build.0 = Release|Win32
		{F50F8064-8D88-4049-B3C3-0C85E2F0F326}.Debug|x64.ActiveCfg = Debug|x64
		{F50F8064-8D88-4049-B3C3-0C85E2F0F326}.Debug|x64.Build.0 = Debug|x64
		{F50F8064-8D88-4049-B3C3-0C85E2F0F326}.Debug|x86.ActiveCfg = Debug|Win32
		{F50F8064-8D88-4049-B3C3-0C85E2F0F326}.Debug|x86.Build.0 = Debug|Win32
		{F50F8064-8D88-4049-B3C3-0C85E2F0F326}.Release|x64.ActiveCfg = Release|x64
		{F50F8064-8D88-4049-B3C3-0C85E2F0F326}.Release|x64.Build.0 = Release|x64
		{F50F8064-8D88-4049-B3C3-0C85E2F0F326}.Release|x86.ActiveCfg = Release|Win32
		{F50F8064-8D88-4049-B3C3-0C85E2F0F326}.Release|x86.Build.0 = Release|Win32
		{0DA9AAF5-016A-4902-A527-52F77AD5A533}.Debug|x64.ActiveCfg = Debug|x64
		{0DA9AAF5-016A-4902-A527-52F77AD5A533}.Debug|x64.Build.0 = Debug|x64
		{0DA9AAF5-016A-4902-A527-52F77AD5A533}.Debug|x86.ActiveCfg = Debug|Win32
		{0DA9AAF5-016A-4902-A527-52F77AD5A533}.Debug|x86.Build.0 = Debug|Win32
		{0DA9AAF5-016A-4902-A527-52F77AD5A533}.Release|x64.ActiveCfg = Release|x64
		{0DA9AAF5-016A-4902-A527-52F77AD5A533}.Release|x64.Build.0 = Release|x64
		{0DA9AAF5-016A-4902-A527-52F77AD5A533}.Release|x86.ActiveCfg = Release|Win32
		{0DA9AAF5-016A-4902-A527-52F77AD5A533}.Release|x86.Build.0 = Release|Win32
		{13DBEABF-269B-427F-868C-CBAF3727A879}.Debug|x64.ActiveCfg = Debug|x64
		{13DBEABF-269B-427F-868C-CBAF3727A879}.Debug|x64.Build.0 = Debug|x64
		{13DBEABF-269B-427F-868C-CBAF3727A879}.Debug|x86.ActiveCfg = Debug|Win32
		{13DBEABF-269B-427F-868C-CBAF3727A879}.Debug|x86.Build.0 = Debug|Win32
		{13DBEABF-269B-427F-868C-CBAF3727A879}.Release|x64.ActiveCfg = Release|x64
		{13DBEABF-269B-427F-868C-CBAF3727A879}.Release|x64.Build.0 = Release|x64
		{13DBEABF-269B-427F-868C-CBAF3727A879}.Release|x86.ActiveCfg = Release|Win32
		{13DBEABF-269B-427F-868C-CBAF3727A879}.Release|x86.Build.0 = Release|Win32
		{5A03BB7C-AFF3-492C-A5AC-6908F21ADED1}.Debug|x64.ActiveCfg = Debug|x64
		{5A03BB7C-AFF3-492C-A5AC-6908F21ADED1}.Debug|x64.Build.0 = Debug|x64
		{5A03BB7C-AFF3-492C-A5AC-6908F21ADED1}.Debug|x86.ActiveCfg = Debug|Win32
		{5A03BB7C-AFF3-492C-A5AC-6908F21ADED1}.Debug|x86.Build.0 = Debug|Win32
		{5A03BB7C-AFF3-492C-A5AC-6908F21ADED1}.Release|x64.ActiveCfg = Release|x64
		{5A03BB7C-AFF3-492C-A5AC-6908F21ADED1}.Release|x64.Build.0 = Release|x64
		{5A03BB7C-AFF3-492C-A5AC-6908F21ADED1}.Release|x86.ActiveCfg = Release|Win32
		{5A03BB7C-AFF3-492C-A5AC-6908F21ADED1}.Release|x86.Build.0 = Release|Win32
		{75184015-30A3-4332-A833-F7D080CB0D14}.Debug|x64.ActiveCfg = Debug|x64
		{75184015-30A3-4332-A833-F7D080CB0D14}.Debug|x64.Build.0 = Debug|x64
		{75184015-30A3-4332-A833-F7D080CB0D14}.Debug|x86.ActiveCfg = Debug|Win32
		{75184015-30A3-4332-A833-F7D080CB0D14}.Debug|x86.Build.0 = Debug|Win32
		{75184015-30A3-4332-A833-F7D080CB0D14}.Release|x64.ActiveCfg = Release|x64
		{75184015-30A3-4332-A833-F7D080CB0D14}.Release|x64.Build.0 = Release|x64
		{75184015-30A3-4332-A833-F7D080CB0D14}.Release|x86.ActiveCfg = Release|Win32
		{75184015-30A3-4332-A833-F7D080CB0D14}.Release|x86.Build.0 = Release|Win32
		{31FACB51-AFE2-4EFD-ADD4-07513F225ECF}.Debug|x64.ActiveCfg = Debug|x64
		{31FACB51-AFE2-4EFD-ADD4-07513F225ECF}.Debug|x64.Build.0 = Debug|x64
		{31FACB51-AFE2-4EFD-ADD4-07513F225ECF}.Debug|x86.ActiveCfg = Debug|Win32
		{31FACB51-AFE2-4EFD-ADD4-07513F225ECF}.Debug|x86.Build.0 = Debug|Win32
		{31FACB51-AFE2-4EFD-ADD4-07513F225ECF}.Release|x64.ActiveCfg = Release|x64
		{31FACB51-AFE2-4EFD-ADD4-07513F225ECF}.Release|x64.Build.0 = Release|x64
		{31FACB51-AFE2-4EFD-ADD4-07513F225ECF}.Release|x86.ActiveCfg = Release|Win32
		{31FACB51-AFE2-4EFD-ADD4-07513F225ECF}.Release|x86.Build.0 = Release|Win32
		{8D0E707C-5762-4BE4-9A29-877A175FAAC1}.Debug|x64.ActiveCfg = Debug|x64
		{8D0E707C-5762-4BE4-9A29-877A175FAAC1}.Debug|x64.Build.0 = Debug|x64
		{8D0E707C-5762-4BE4-9A29-877A175FAAC1}.Debug|x86.ActiveCfg = Debug|Win32
		{8D0E707C-5762-4BE4-9A29-877A175FAAC1}.Debug|x86.Build.0 = Debug|Win32
		{8D0E707C-5762-4BE4-9A29-877A175FAAC1}.Release|x64.ActiveCfg = Release|x64
		{8D0E707C-5762-4BE4-9A29-877A175FAAC1}.Release|x64.Build.0 = Release|x64
		{8D0E707C-5762-4BE4-9A29-877A175FAAC1}.Release|x86.ActiveCfg = Release|Win32
		{8D0E707C-5762-4BE4-9A29-877A175FAAC1}.Release|x86.Build.0 = Release|Win32
		{3C2504DA-C790-4ABF-A5E8-D5EA37F738D5}.Debug|x64.ActiveCfg = Debug|x64
		{3C2504DA-C790-4ABF-A5E8-D5EA37F738D5}.Debug|x64.Build.0 = Debug|x64
		{3C2504DA-C790-4ABF-A5E8-D5EA37F738D5}.Debug|x86.ActiveCfg = Debug|Win32
		{3C2504DA-C790-4ABF-A5E8-D5EA37F738D5}.Debug|x86.Build.0 = Debug|Win32
		{3C2504DA-C790-4ABF-A5E8-D5EA37F738D5}.Release|x64.ActiveCfg = Release|x64
		{3C2504DA-C790-4ABF-A5E8-D5EA37F738D5}.Release|x64.Build.0 = Release|x64
		{3C2504DA-C790-4ABF-A5E8-D5EA37F738D5}.Release|x86.ActiveCfg = Release|Win32
		{3C2504DA-C790-4ABF-A5E8-D5EA37F738D5}.Release|x86.Build.0 = Release|Win32
	EndGlobalSection
	GlobalSection(SolutionProperties) = preSolution
		HideSolutionNode = FALSE
	EndGlobalSection
	GlobalSection(ExtensibilityGlobals) = postSolution
		SolutionGuid = {2943B03F-9205-491E-98B5-8610B246706D}
	EndGlobalSection
EndGlobal
